
Microsoft Visual Studio Solution File, Format Version 11.00
# Visual Studio 2010
Project("{FAE04EC0-301F-11D3-BF4B-00C04F79EFBC}") = "TankGame", "TankGame\TankGame\TankGame.csproj", "{81D525AF-A1A8-4C9E-8FEE-925C26A76971}"
EndProject
Project("{96E2B04D-8817-42C6-938A-82C39BA4D311}") = "TankGameContent", "TankGame\TankGameContent\TankGameContent.contentproj", "{1FDD2E13-2CB9-4034-B08C-6C170B996B57}"
EndProject
Global
	GlobalSection(SolutionConfigurationPlatforms) = preSolution
		Debug|x86 = Debug|x86
		Release|x86 = Release|x86
	EndGlobalSection
	GlobalSection(ProjectConfigurationPlatforms) = postSolution
		{81D525AF-A1A8-4C9E-8FEE-925C26A76971}.Debug|x86.ActiveCfg = Debug|x86
		{81D525AF-A1A8-4C9E-8FEE-925C26A76971}.Debug|x86.Build.0 = Debug|x86
		{81D525AF-A1A8-4C9E-8FEE-925C26A76971}.Release|x86.ActiveCfg = Release|x86
		{81D525AF-A1A8-4C9E-8FEE-925C26A76971}.Release|x86.Build.0 = Release|x86
		{1FDD2E13-2CB9-4034-B08C-6C170B996B57}.Debug|x86.ActiveCfg = Debug|x86
		{1FDD2E13-2CB9-4034-B08C-6C170B996B57}.Release|x86.ActiveCfg = Release|x86
	EndGlobalSection
	GlobalSection(SolutionProperties) = preSolution
		HideSolutionNode = FALSE
	EndGlobalSection
EndGlobal
